
Microsoft Visual Studio Solution File, Format Version 12.00
# Visual Studio Version 17
VisualStudioVersion = 17.0.31903.59
MinimumVisualStudioVersion = 10.0.40219.1
Project("{9A19103F-16F7-4668-BE54-9A1E7A4F7556}") = "KarolK72.Utilities.Kali.Library", "KarolK72.Utilities.Kali.Library\KarolK72.Utilities.Kali.Library.csproj", "{8C5F0EA1-8464-49C4-B458-62B57E351A68}"
EndProject
Project("{9A19103F-16F7-4668-BE54-9A1E7A4F7556}") = "KarolK72.Utilities.Kali.Extensions", "KarolK72.Utilities.Kali.Extensions\KarolK72.Utilities.Kali.Extensions.csproj", "{7FA9D65F-E566-429A-A32F-FADD3BEE1237}"
EndProject
Global
	GlobalSection(SolutionConfigurationPlatforms) = preSolution
		Debug|Any CPU = Debug|Any CPU
		Release|Any CPU = Release|Any CPU
	EndGlobalSection
	GlobalSection(ProjectConfigurationPlatforms) = postSolution
		{8C5F0EA1-8464-49C4-B458-62B57E351A68}.Debug|Any CPU.ActiveCfg = Debug|Any CPU
		{8C5F0EA1-8464-49C4-B458-62B57E351A68}.Debug|Any CPU.Build.0 = Debug|Any CPU
		{8C5F0EA1-8464-49C4-B458-62B57E351A68}.Release|Any CPU.ActiveCfg = Release|Any CPU
		{8C5F0EA1-8464-49C4-B458-62B57E351A68}.Release|Any CPU.Build.0 = Release|Any CPU
		{7FA9D65F-E566-429A-A32F-FADD3BEE1237}.Debug|Any CPU.ActiveCfg = Debug|Any CPU
		{7FA9D65F-E566-429A-A32F-FADD3BEE1237}.Debug|Any CPU.Build.0 = Debug|Any CPU
		{7FA9D65F-E566-429A-A32F-FADD3BEE1237}.Release|Any CPU.ActiveCfg = Release|Any CPU
		{7FA9D65F-E566-429A-A32F-FADD3BEE1237}.Release|Any CPU.Build.0 = Release|Any CPU
	EndGlobalSection
	GlobalSection(SolutionProperties) = preSolution
		HideSolutionNode = FALSE
	EndGlobalSection
	GlobalSection(ExtensibilityGlobals) = postSolution
		SolutionGuid = {66DEFC15-0E2F-4A2D-82AE-8E999B099FF6}
	EndGlobalSection
EndGlobal
